
Microsoft Visual Studio Solution File, Format Version 12.00
# Visual Studio Version 16
VisualStudioVersion = 16.0.30503.244
MinimumVisualStudioVersion = 10.0.40219.1
Project("{F184B08F-C81C-45F6-A57F-5ABD9991F28F}") = "ExplicacionProyectoSencillo", "ExplicacionProyectoSencillo.vbproj", "{E329E5D8-EF11-42C7-91A3-C0C0F6ED9159}"
EndProject
Global
	GlobalSection(SolutionConfigurationPlatforms) = preSolution
		Debug|Any CPU = Debug|Any CPU
		Release|Any CPU = Release|Any CPU
	EndGlobalSection
	GlobalSection(ProjectConfigurationPlatforms) = postSolution
		{E329E5D8-EF11-42C7-91A3-C0C0F6ED9159}.Debug|Any CPU.ActiveCfg = Debug|Any CPU
		{E329E5D8-EF11-42C7-91A3-C0C0F6ED9159}.Debug|Any CPU.Build.0 = Debug|Any CPU
		{E329E5D8-EF11-42C7-91A3-C0C0F6ED9159}.Release|Any CPU.ActiveCfg = Release|Any CPU
		{E329E5D8-EF11-42C7-91A3-C0C0F6ED9159}.Release|Any CPU.Build.0 = Release|Any CPU
	EndGlobalSection
	GlobalSection(SolutionProperties) = preSolution
		HideSolutionNode = FALSE
	EndGlobalSection
	GlobalSection(ExtensibilityGlobals) = postSolution
		SolutionGuid = {87C9C62A-F334-4532-A1B1-4BC38F356DCC}
	EndGlobalSection
EndGlobal
