
Microsoft Visual Studio Solution File, Format Version 12.00
# Visual Studio Version 16
VisualStudioVersion = 16.0.30503.244
MinimumVisualStudioVersion = 10.0.40219.1
Project("{F184B08F-C81C-45F6-A57F-5ABD9991F28F}") = "ClasesYObjetos", "ClasesYObjetos.vbproj", "{EDB1FC30-9B47-4FB8-887D-1C4280D1F399}"
EndProject
Global
	GlobalSection(SolutionConfigurationPlatforms) = preSolution
		Debug|Any CPU = Debug|Any CPU
		Release|Any CPU = Release|Any CPU
	EndGlobalSection
	GlobalSection(ProjectConfigurationPlatforms) = postSolution
		{EDB1FC30-9B47-4FB8-887D-1C4280D1F399}.Debug|Any CPU.ActiveCfg = Debug|Any CPU
		{EDB1FC30-9B47-4FB8-887D-1C4280D1F399}.Debug|Any CPU.Build.0 = Debug|Any CPU
		{EDB1FC30-9B47-4FB8-887D-1C4280D1F399}.Release|Any CPU.ActiveCfg = Release|Any CPU
		{EDB1FC30-9B47-4FB8-887D-1C4280D1F399}.Release|Any CPU.Build.0 = Release|Any CPU
	EndGlobalSection
	GlobalSection(SolutionProperties) = preSolution
		HideSolutionNode = FALSE
	EndGlobalSection
	GlobalSection(ExtensibilityGlobals) = postSolution
		SolutionGuid = {92A29DDA-2694-44F1-8622-D7990D6798C8}
	EndGlobalSection
EndGlobal
